
Microsoft Visual Studio Solution File, Format Version 12.00
# Visual Studio 15
VisualStudioVersion = 15.0.27703.2018
MinimumVisualStudioVersion = 10.0.40219.1
Project("{FAE04EC0-301F-11D3-BF4B-00C04F79EFBC}") = "listaAlunos", "listaAlunos\listaAlunos.csproj", "{FC8A354C-96E4-40DC-AC2D-8ED24EBBC93C}"
EndProject
Global
	GlobalSection(SolutionConfigurationPlatforms) = preSolution
		Debug|Any CPU = Debug|Any CPU
		Release|Any CPU = Release|Any CPU
	EndGlobalSection
	GlobalSection(ProjectConfigurationPlatforms) = postSolution
		{FC8A354C-96E4-40DC-AC2D-8ED24EBBC93C}.Debug|Any CPU.ActiveCfg = Debug|Any CPU
		{FC8A354C-96E4-40DC-AC2D-8ED24EBBC93C}.Debug|Any CPU.Build.0 = Debug|Any CPU
		{FC8A354C-96E4-40DC-AC2D-8ED24EBBC93C}.Release|Any CPU.ActiveCfg = Release|Any CPU
		{FC8A354C-96E4-40DC-AC2D-8ED24EBBC93C}.Release|Any CPU.Build.0 = Release|Any CPU
	EndGlobalSection
	GlobalSection(SolutionProperties) = preSolution
		HideSolutionNode = FALSE
	EndGlobalSection
	GlobalSection(ExtensibilityGlobals) = postSolution
		SolutionGuid = {0F549E24-82E4-445D-BC50-C419760BBF61}
	EndGlobalSection
EndGlobal
